// !$*UTF8*$!
{
	archiveVersion = 1;
	classes = {
	};
	objectVersion = 56;
	objects = {

/* Begin PBXBuildFile section */
		A19AF8B02A14AEF5009CC352 /* MyApplicationSignalApp.swift in Sources */ = {isa = PBXBuildFile; fileRef = A19AF8AF2A14AEF5009CC352 /* MyApplicationSignalApp.swift */; };
		A19AF8B22A14AEF5009CC352 /* ContentView.swift in Sources */ = {isa = PBXBuildFile; fileRef = A19AF8B12A14AEF5009CC352 /* ContentView.swift */; };
		A19AF8B42A14AEF7009CC352 /* Assets.xcassets in Resources */ = {isa = PBXBuildFile; fileRef = A19AF8B32A14AEF7009CC352 /* Assets.xcassets */; };
		A19AF8B72A14AEF7009CC352 /* Preview Assets.xcassets in Resources */ = {isa = PBXBuildFile; fileRef = A19AF8B62A14AEF7009CC352 /* Preview Assets.xcassets */; };
		A19AF8C02A14AF2C009CC352 /* HomePage.swift in Sources */ = {isa = PBXBuildFile; fileRef = A19AF8BF2A14AF2B009CC352 /* HomePage.swift */; };
		A19AF8C22A14B15A009CC352 /* PrivatePage.swift in Sources */ = {isa = PBXBuildFile; fileRef = A19AF8C12A14B15A009CC352 /* PrivatePage.swift */; };
		A19AF8C42A14B206009CC352 /* PhoneNumberPage.swift in Sources */ = {isa = PBXBuildFile; fileRef = A19AF8C32A14B206009CC352 /* PhoneNumberPage.swift */; };
		A19AF8C62A14B25A009CC352 /* SelectCountryPage.swift in Sources */ = {isa = PBXBuildFile; fileRef = A19AF8C52A14B25A009CC352 /* SelectCountryPage.swift */; };
		A19AF8C82A14B28F009CC352 /* VerifyingPage.swift in Sources */ = {isa = PBXBuildFile; fileRef = A19AF8C72A14B28F009CC352 /* VerifyingPage.swift */; };
		A19AF8CA2A14B32F009CC352 /* CreatePINPage.swift in Sources */ = {isa = PBXBuildFile; fileRef = A19AF8C92A14B32F009CC352 /* CreatePINPage.swift */; };
		A19AF8CC2A14B357009CC352 /* ChatsPage.swift in Sources */ = {isa = PBXBuildFile; fileRef = A19AF8CB2A14B357009CC352 /* ChatsPage.swift */; };
		A19AF8CE2A14B37A009CC352 /* ConfirmPINPage.swift in Sources */ = {isa = PBXBuildFile; fileRef = A19AF8CD2A14B37A009CC352 /* ConfirmPINPage.swift */; };
/* End PBXBuildFile section */

/* Begin PBXFileReference section */
		A19AF8AC2A14AEF5009CC352 /* MyApplicationSignal.app */ = {isa = PBXFileReference; explicitFileType = wrapper.application; includeInIndex = 0; path = MyApplicationSignal.app; sourceTree = BUILT_PRODUCTS_DIR; };
		A19AF8AF2A14AEF5009CC352 /* MyApplicationSignalApp.swift */ = {isa = PBXFileReference; lastKnownFileType = sourcecode.swift; path = MyApplicationSignalApp.swift; sourceTree = "<group>"; };
		A19AF8B12A14AEF5009CC352 /* ContentView.swift */ = {isa = PBXFileReference; lastKnownFileType = sourcecode.swift; path = ContentView.swift; sourceTree = "<group>"; };
		A19AF8B32A14AEF7009CC352 /* Assets.xcassets */ = {isa = PBXFileReference; lastKnownFileType = folder.assetcatalog; path = Assets.xcassets; sourceTree = "<group>"; };
		A19AF8B62A14AEF7009CC352 /* Preview Assets.xcassets */ = {isa = PBXFileReference; lastKnownFileType = folder.assetcatalog; path = "Preview Assets.xcassets"; sourceTree = "<group>"; };
		A19AF8BF2A14AF2B009CC352 /* HomePage.swift */ = {isa = PBXFileReference; lastKnownFileType = sourcecode.swift; path = HomePage.swift; sourceTree = "<group>"; };
		A19AF8C12A14B15A009CC352 /* PrivatePage.swift */ = {isa = PBXFileReference; lastKnownFileType = sourcecode.swift; path = PrivatePage.swift; sourceTree = "<group>"; };
		A19AF8C32A14B206009CC352 /* PhoneNumberPage.swift */ = {isa = PBXFileReference; lastKnownFileType = sourcecode.swift; path = PhoneNumberPage.swift; sourceTree = "<group>"; };
		A19AF8C52A14B25A009CC352 /* SelectCountryPage.swift */ = {isa = PBXFileReference; lastKnownFileType = sourcecode.swift; path = SelectCountryPage.swift; sourceTree = "<group>"; };
		A19AF8C72A14B28F009CC352 /* VerifyingPage.swift */ = {isa = PBXFileReference; lastKnownFileType = sourcecode.swift; path = VerifyingPage.swift; sourceTree = "<group>"; };
		A19AF8C92A14B32F009CC352 /* CreatePINPage.swift */ = {isa = PBXFileReference; lastKnownFileType = sourcecode.swift; path = CreatePINPage.swift; sourceTree = "<group>"; };
		A19AF8CB2A14B357009CC352 /* ChatsPage.swift */ = {isa = PBXFileReference; lastKnownFileType = sourcecode.swift; path = ChatsPage.swift; sourceTree = "<group>"; };
		A19AF8CD2A14B37A009CC352 /* ConfirmPINPage.swift */ = {isa = PBXFileReference; lastKnownFileType = sourcecode.swift; path = ConfirmPINPage.swift; sourceTree = "<group>"; };
/* End PBXFileReference section */

/* Begin PBXFrameworksBuildPhase section */
		A19AF8A92A14AEF5009CC352 /* Frameworks */ = {
			isa = PBXFrameworksBuildPhase;
			buildActionMask = 2147483647;
			files = (
			);
			runOnlyForDeploymentPostprocessing = 0;
		};
/* End PBXFrameworksBuildPhase section */

/* Begin PBXGroup section */
		A19AF8A32A14AEF5009CC352 = {
			isa = PBXGroup;
			children = (
				A19AF8AE2A14AEF5009CC352 /* MyApplicationSignal */,
				A19AF8AD2A14AEF5009CC352 /* Products */,
			);
			sourceTree = "<group>";
		};
		A19AF8AD2A14AEF5009CC352 /* Products */ = {
			isa = PBXGroup;
			children = (
				A19AF8AC2A14AEF5009CC352 /* MyApplicationSignal.app */,
			);
			name = Products;
			sourceTree = "<group>";
		};
		A19AF8AE2A14AEF5009CC352 /* MyApplicationSignal */ = {
			isa = PBXGroup;
			children = (
				A19AF8AF2A14AEF5009CC352 /* MyApplicationSignalApp.swift */,
				A19AF8B12A14AEF5009CC352 /* ContentView.swift */,
				A19AF8B32A14AEF7009CC352 /* Assets.xcassets */,
				A19AF8B52A14AEF7009CC352 /* Preview Content */,
				A19AF8BF2A14AF2B009CC352 /* HomePage.swift */,
				A19AF8C12A14B15A009CC352 /* PrivatePage.swift */,
				A19AF8C32A14B206009CC352 /* PhoneNumberPage.swift */,
				A19AF8C52A14B25A009CC352 /* SelectCountryPage.swift */,
				A19AF8C72A14B28F009CC352 /* VerifyingPage.swift */,
				A19AF8C92A14B32F009CC352 /* CreatePINPage.swift */,
				A19AF8CB2A14B357009CC352 /* ChatsPage.swift */,
				A19AF8CD2A14B37A009CC352 /* ConfirmPINPage.swift */,
			);
			path = MyApplicationSignal;
			sourceTree = "<group>";
		};
		A19AF8B52A14AEF7009CC352 /* Preview Content */ = {
			isa = PBXGroup;
			children = (
				A19AF8B62A14AEF7009CC352 /* Preview Assets.xcassets */,
			);
			path = "Preview Content";
			sourceTree = "<group>";
		};
/* End PBXGroup section */

/* Begin PBXNativeTarget section */
		A19AF8AB2A14AEF5009CC352 /* MyApplicationSignal */ = {
			isa = PBXNativeTarget;
			buildConfigurationList = A19AF8BA2A14AEF7009CC352 /* Build configuration list for PBXNativeTarget "MyApplicationSignal" */;
			buildPhases = (
				A19AF8A82A14AEF5009CC352 /* Sources */,
				A19AF8A92A14AEF5009CC352 /* Frameworks */,
				A19AF8AA2A14AEF5009CC352 /* Resources */,
			);
			buildRules = (
			);
			dependencies = (
			);
			name = MyApplicationSignal;
			productName = MyApplicationSignal;
			productReference = A19AF8AC2A14AEF5009CC352 /* MyApplicationSignal.app */;
			productType = "com.apple.product-type.application";
		};
/* End PBXNativeTarget section */

/* Begin PBXProject section */
		A19AF8A42A14AEF5009CC352 /* Project object */ = {
			isa = PBXProject;
			attributes = {
				BuildIndependentTargetsInParallel = 1;
				LastSwiftUpdateCheck = 1430;
				LastUpgradeCheck = 1430;
				TargetAttributes = {
					A19AF8AB2A14AEF5009CC352 = {
						CreatedOnToolsVersion = 14.3;
					};
				};
			};
			buildConfigurationList = A19AF8A72A14AEF5009CC352 /* Build configuration list for PBXProject "MyApplicationSignal" */;
			compatibilityVersion = "Xcode 14.0";
			developmentRegion = en;
			hasScannedForEncodings = 0;
			knownRegions = (
				en,
				Base,
			);
			mainGroup = A19AF8A32A14AEF5009CC352;
			productRefGroup = A19AF8AD2A14AEF5009CC352 /* Products */;
			projectDirPath = "";
			projectRoot = "";
			targets = (
				A19AF8AB2A14AEF5009CC352 /* MyApplicationSignal */,
			);
		};
/* End PBXProject section */

/* Begin PBXResourcesBuildPhase section */
		A19AF8AA2A14AEF5009CC352 /* Resources */ = {
			isa = PBXResourcesBuildPhase;
			buildActionMask = 2147483647;
			files = (
				A19AF8B72A14AEF7009CC352 /* Preview Assets.xcassets in Resources */,
				A19AF8B42A14AEF7009CC352 /* Assets.xcassets in Resources */,
			);
			runOnlyForDeploymentPostprocessing = 0;
		};
/* End PBXResourcesBuildPhase section */

/* Begin PBXSourcesBuildPhase section */
		A19AF8A82A14AEF5009CC352 /* Sources */ = {
			isa = PBXSourcesBuildPhase;
			buildActionMask = 2147483647;
			files = (
				A19AF8C22A14B15A009CC352 /* PrivatePage.swift in Sources */,
				A19AF8C42A14B206009CC352 /* PhoneNumberPage.swift in Sources */,
				A19AF8CC2A14B357009CC352 /* ChatsPage.swift in Sources */,
				A19AF8B22A14AEF5009CC352 /* ContentView.swift in Sources */,
				A19AF8C62A14B25A009CC352 /* SelectCountryPage.swift in Sources */,
				A19AF8C02A14AF2C009CC352 /* HomePage.swift in Sources */,
				A19AF8B02A14AEF5009CC352 /* MyApplicationSignalApp.swift in Sources */,
				A19AF8CE2A14B37A009CC352 /* ConfirmPINPage.swift in Sources */,
				A19AF8CA2A14B32F009CC352 /* CreatePINPage.swift in Sources */,
				A19AF8C82A14B28F009CC352 /* VerifyingPage.swift in Sources */,
			);
			runOnlyForDeploymentPostprocessing = 0;
		};
/* End PBXSourcesBuildPhase section */

/* Begin XCBuildConfiguration section */
		A19AF8B82A14AEF7009CC352 /* Debug */ = {
			isa = XCBuildConfiguration;
			buildSettings = {
				ALWAYS_SEARCH_USER_PATHS = NO;
				CLANG_ANALYZER_NONNULL = YES;
				CLANG_ANALYZER_NUMBER_OBJECT_CONVERSION = YES_AGGRESSIVE;
				CLANG_CXX_LANGUAGE_STANDARD = "gnu++20";
				CLANG_ENABLE_MODULES = YES;
				CLANG_ENABLE_OBJC_ARC = YES;
				CLANG_ENABLE_OBJC_WEAK = YES;
				CLANG_WARN_BLOCK_CAPTURE_AUTORELEASING = YES;
				CLANG_WARN_BOOL_CONVERSION = YES;
				CLANG_WARN_COMMA = YES;
				CLANG_WARN_CONSTANT_CONVERSION = YES;
				CLANG_WARN_DEPRECATED_OBJC_IMPLEMENTATIONS = YES;
				CLANG_WARN_DIRECT_OBJC_ISA_USAGE = YES_ERROR;
				CLANG_WARN_DOCUMENTATION_COMMENTS = YES;
				CLANG_WARN_EMPTY_BODY = YES;
				CLANG_WARN_ENUM_CONVERSION = YES;
				CLANG_WARN_INFINITE_RECURSION = YES;
				CLANG_WARN_INT_CONVERSION = YES;
				CLANG_WARN_NON_LITERAL_NULL_CONVERSION = YES;
				CLANG_WARN_OBJC_IMPLICIT_RETAIN_SELF = YES;
				CLANG_WARN_OBJC_LITERAL_CONVERSION = YES;
				CLANG_WARN_OBJC_ROOT_CLASS = YES_ERROR;
				CLANG_WARN_QUOTED_INCLUDE_IN_FRAMEWORK_HEADER = YES;
				CLANG_WARN_RANGE_LOOP_ANALYSIS = YES;
				CLANG_WARN_STRICT_PROTOTYPES = YES;
				CLANG_WARN_SUSPICIOUS_MOVE = YES;
				CLANG_WARN_UNGUARDED_AVAILABILITY = YES_AGGRESSIVE;
				CLANG_WARN_UNREACHABLE_CODE = YES;
				CLANG_WARN__DUPLICATE_METHOD_MATCH = YES;
				COPY_PHASE_STRIP = NO;
				DEBUG_INFORMATION_FORMAT = dwarf;
				ENABLE_STRICT_OBJC_MSGSEND = YES;
				ENABLE_TESTABILITY = YES;
				GCC_C_LANGUAGE_STANDARD = gnu11;
				GCC_DYNAMIC_NO_PIC = NO;
				GCC_NO_COMMON_BLOCKS = YES;
				GCC_OPTIMIZATION_LEVEL = 0;
				GCC_PREPROCESSOR_DEFINITIONS = (
					"DEBUG=1",
					"$(inherited)",
				);
				GCC_WARN_64_TO_32_BIT_CONVERSION = YES;
				GCC_WARN_ABOUT_RETURN_TYPE = YES_ERROR;
				GCC_WARN_UNDECLARED_SELECTOR = YES;
				GCC_WARN_UNINITIALIZED_AUTOS = YES_AGGRESSIVE;
				GCC_WARN_UNUSED_FUNCTION = YES;
				GCC_WARN_UNUSED_VARIABLE = YES;
				IPHONEOS_DEPLOYMENT_TARGET = 16.4;
				MTL_ENABLE_DEBUG_INFO = INCLUDE_SOURCE;
				MTL_FAST_MATH = YES;
				ONLY_ACTIVE_ARCH = YES;
				SDKROOT = iphoneos;
				SWIFT_ACTIVE_COMPILATION_CONDITIONS = DEBUG;
				SWIFT_OPTIMIZATION_LEVEL = "-Onone";
			};
			name = Debug;
		};
		A19AF8B92A14AEF7009CC352 /* Release */ = {
			isa = XCBuildConfiguration;
			buildSettings = {
				ALWAYS_SEARCH_USER_PATHS = NO;
				CLANG_ANALYZER_NONNULL = YES;
				CLANG_ANALYZER_NUMBER_OBJECT_CONVERSION = YES_AGGRESSIVE;
				CLANG_CXX_LANGUAGE_STANDARD = "gnu++20";
				CLANG_ENABLE_MODULES = YES;
				CLANG_ENABLE_OBJC_ARC = YES;
				CLANG_ENABLE_OBJC_WEAK = YES;
				CLANG_WARN_BLOCK_CAPTURE_AUTORELEASING = YES;
				CLANG_WARN_BOOL_CONVERSION = YES;
				CLANG_WARN_COMMA = YES;
				CLANG_WARN_CONSTANT_CONVERSION = YES;
				CLANG_WARN_DEPRECATED_OBJC_IMPLEMENTATIONS = YES;
				CLANG_WARN_DIRECT_OBJC_ISA_USAGE = YES_ERROR;
				CLANG_WARN_DOCUMENTATION_COMMENTS = YES;
				CLANG_WARN_EMPTY_BODY = YES;
				CLANG_WARN_ENUM_CONVERSION = YES;
				CLANG_WARN_INFINITE_RECURSION = YES;
				CLANG_WARN_INT_CONVERSION = YES;
				CLANG_WARN_NON_LITERAL_NULL_CONVERSION = YES;
				CLANG_WARN_OBJC_IMPLICIT_RETAIN_SELF = YES;
				CLANG_WARN_OBJC_LITERAL_CONVERSION = YES;
				CLANG_WARN_OBJC_ROOT_CLASS = YES_ERROR;
				CLANG_WARN_QUOTED_INCLUDE_IN_FRAMEWORK_HEADER = YES;
				CLANG_WARN_RANGE_LOOP_ANALYSIS = YES;
				CLANG_WARN_STRICT_PROTOTYPES = YES;
				CLANG_WARN_SUSPICIOUS_MOVE = YES;
				CLANG_WARN_UNGUARDED_AVAILABILITY = YES_AGGRESSIVE;
				CLANG_WARN_UNREACHABLE_CODE = YES;
				CLANG_WARN__DUPLICATE_METHOD_MATCH = YES;
				COPY_PHASE_STRIP = NO;
				DEBUG_INFORMATION_FORMAT = "dwarf-with-dsym";
				ENABLE_NS_ASSERTIONS = NO;
				ENABLE_STRICT_OBJC_MSGSEND = YES;
				GCC_C_LANGUAGE_STANDARD = gnu11;
				GCC_NO_COMMON_BLOCKS = YES;
				GCC_WARN_64_TO_32_BIT_CONVERSION = YES;
				GCC_WARN_ABOUT_RETURN_TYPE = YES_ERROR;
				GCC_WARN_UNDECLARED_SELECTOR = YES;
				GCC_WARN_UNINITIALIZED_AUTOS = YES_AGGRESSIVE;
				GCC_WARN_UNUSED_FUNCTION = YES;
				GCC_WARN_UNUSED_VARIABLE = YES;
				IPHONEOS_DEPLOYMENT_TARGET = 16.4;
				MTL_ENABLE_DEBUG_INFO = NO;
				MTL_FAST_MATH = YES;
				SDKROOT = iphoneos;
				SWIFT_COMPILATION_MODE = wholemodule;
				SWIFT_OPTIMIZATION_LEVEL = "-O";
				VALIDATE_PRODUCT = YES;
			};
			name = Release;
		};
		A19AF8BB2A14AEF7009CC352 /* Debug */ = {
			isa = XCBuildConfiguration;
			buildSettings = {
				ASSETCATALOG_COMPILER_APPICON_NAME = AppIcon;
				ASSETCATALOG_COMPILER_GLOBAL_ACCENT_COLOR_NAME = AccentColor;
				CODE_SIGN_STYLE = Automatic;
				CURRENT_PROJECT_VERSION = 1;
				DEVELOPMENT_ASSET_PATHS = "\"MyApplicationSignal/Preview Content\"";
				ENABLE_PREVIEWS = YES;
				GENERATE_INFOPLIST_FILE = YES;
				INFOPLIST_KEY_UIApplicationSceneManifest_Generation = YES;
				INFOPLIST_KEY_UIApplicationSupportsIndirectInputEvents = YES;
				INFOPLIST_KEY_UILaunchScreen_Generation = YES;
				INFOPLIST_KEY_UISupportedInterfaceOrientations_iPad = "UIInterfaceOrientationPortrait UIInterfaceOrientationPortraitUpsideDown UIInterfaceOrientationLandscapeLeft UIInterfaceOrientationLandscapeRight";
				INFOPLIST_KEY_UISupportedInterfaceOrientations_iPhone = "UIInterfaceOrientationPortrait UIInterfaceOrientationLandscapeLeft UIInterfaceOrientationLandscapeRight";
				LD_RUNPATH_SEARCH_PATHS = (
					"$(inherited)",
					"@executable_path/Frameworks",
				);
				MARKETING_VERSION = 1.0;
				PRODUCT_BUNDLE_IDENTIFIER = com.myorganization.MyApplicationSignal;
				PRODUCT_NAME = "$(TARGET_NAME)";
				SWIFT_EMIT_LOC_STRINGS = YES;
				SWIFT_VERSION = 5.0;
				TARGETED_DEVICE_FAMILY = "1,2";
			};
			name = Debug;
		};
		A19AF8BC2A14AEF7009CC352 /* Release */ = {
			isa = XCBuildConfiguration;
			buildSettings = {
				ASSETCATALOG_COMPILER_APPICON_NAME = AppIcon;
				ASSETCATALOG_COMPILER_GLOBAL_ACCENT_COLOR_NAME = AccentColor;
				CODE_SIGN_STYLE = Automatic;
				CURRENT_PROJECT_VERSION = 1;
				DEVELOPMENT_ASSET_PATHS = "\"MyApplicationSignal/Preview Content\"";
				ENABLE_PREVIEWS = YES;
				GENERATE_INFOPLIST_FILE = YES;
				INFOPLIST_KEY_UIApplicationSceneManifest_Generation = YES;
				INFOPLIST_KEY_UIApplicationSupportsIndirectInputEvents = YES;
				INFOPLIST_KEY_UILaunchScreen_Generation = YES;
				INFOPLIST_KEY_UISupportedInterfaceOrientations_iPad = "UIInterfaceOrientationPortrait UIInterfaceOrientationPortraitUpsideDown UIInterfaceOrientationLandscapeLeft UIInterfaceOrientationLandscapeRight";
				INFOPLIST_KEY_UISupportedInterfaceOrientations_iPhone = "UIInterfaceOrientationPortrait UIInterfaceOrientationLandscapeLeft UIInterfaceOrientationLandscapeRight";
				LD_RUNPATH_SEARCH_PATHS = (
					"$(inherited)",
					"@executable_path/Frameworks",
				);
				MARKETING_VERSION = 1.0;
				PRODUCT_BUNDLE_IDENTIFIER = com.myorganization.MyApplicationSignal;
				PRODUCT_NAME = "$(TARGET_NAME)";
				SWIFT_EMIT_LOC_STRINGS = YES;
				SWIFT_VERSION = 5.0;
				TARGETED_DEVICE_FAMILY = "1,2";
			};
			name = Release;
		};
/* End XCBuildConfiguration section */

/* Begin XCConfigurationList section */
		A19AF8A72A14AEF5009CC352 /* Build configuration list for PBXProject "MyApplicationSignal" */ = {
			isa = XCConfigurationList;
			buildConfigurations = (
				A19AF8B82A14AEF7009CC352 /* Debug */,
				A19AF8B92A14AEF7009CC352 /* Release */,
			);
			defaultConfigurationIsVisible = 0;
			defaultConfigurationName = Release;
		};
		A19AF8BA2A14AEF7009CC352 /* Build configuration list for PBXNativeTarget "MyApplicationSignal" */ = {
			isa = XCConfigurationList;
			buildConfigurations = (
				A19AF8BB2A14AEF7009CC352 /* Debug */,
				A19AF8BC2A14AEF7009CC352 /* Release */,
			);
			defaultConfigurationIsVisible = 0;
			defaultConfigurationName = Release;
		};
/* End XCConfigurationList section */
	};
	rootObject = A19AF8A42A14AEF5009CC352 /* Project object */;
}
